
Microsoft Visual Studio Solution File, Format Version 12.00
# Visual Studio 14
VisualStudioVersion = 14.0.24720.0
MinimumVisualStudioVersion = 10.0.40219.1
Project("{FAE04EC0-301F-11D3-BF4B-00C04F79EFBC}") = "Halo CE Mouse Tool", "Halo CE Mouse Tool\Halo CE Mouse Tool.csproj", "{EC6D7943-EBDB-40AB-8803-4DBDF6CDF8D6}"
EndProject
Global
	GlobalSection(SolutionConfigurationPlatforms) = preSolution
		Debug|Any CPU = Debug|Any CPU
		Release|Any CPU = Release|Any CPU
	EndGlobalSection
	GlobalSection(ProjectConfigurationPlatforms) = postSolution
		{EC6D7943-EBDB-40AB-8803-4DBDF6CDF8D6}.Debug|Any CPU.ActiveCfg = Debug|Any CPU
		{EC6D7943-EBDB-40AB-8803-4DBDF6CDF8D6}.Debug|Any CPU.Build.0 = Debug|Any CPU
		{EC6D7943-EBDB-40AB-8803-4DBDF6CDF8D6}.Release|Any CPU.ActiveCfg = Release|Any CPU
		{EC6D7943-EBDB-40AB-8803-4DBDF6CDF8D6}.Release|Any CPU.Build.0 = Release|Any CPU
	EndGlobalSection
	GlobalSection(SolutionProperties) = preSolution
		HideSolutionNode = FALSE
	EndGlobalSection
EndGlobal
