
Microsoft Visual Studio Solution File, Format Version 12.00
# Visual Studio Version 16
VisualStudioVersion = 16.0.29411.108
MinimumVisualStudioVersion = 10.0.40219.1
Project("{FAE04EC0-301F-11D3-BF4B-00C04F79EFBC}") = "Halo-Mouse-Tool", "Halo-Mouse-Tool\Halo-Mouse-Tool.csproj", "{B4EE6406-CADF-492C-BEF4-9880C925FD43}"
EndProject
Project("{9A19103F-16F7-4668-BE54-9A1E7A4F7556}") = "Registrar", "Registrar\Registrar\Registrar.csproj", "{CC48DF13-5788-48E6-ACBE-857CE2283EA9}"
EndProject
Project("{FAE04EC0-301F-11D3-BF4B-00C04F79EFBC}") = "SharpUtils", "SharpUtils\SharpUtils\SharpUtils.csproj", "{5108A313-BEA9-4045-A408-3F3C107D797F}"
EndProject
Global
	GlobalSection(SolutionConfigurationPlatforms) = preSolution
		Debug|Any CPU = Debug|Any CPU
		Release|Any CPU = Release|Any CPU
	EndGlobalSection
	GlobalSection(ProjectConfigurationPlatforms) = postSolution
		{B4EE6406-CADF-492C-BEF4-9880C925FD43}.Debug|Any CPU.ActiveCfg = Debug|Any CPU
		{B4EE6406-CADF-492C-BEF4-9880C925FD43}.Debug|Any CPU.Build.0 = Debug|Any CPU
		{B4EE6406-CADF-492C-BEF4-9880C925FD43}.Release|Any CPU.ActiveCfg = Release|Any CPU
		{B4EE6406-CADF-492C-BEF4-9880C925FD43}.Release|Any CPU.Build.0 = Release|Any CPU
		{CC48DF13-5788-48E6-ACBE-857CE2283EA9}.Debug|Any CPU.ActiveCfg = Debug|Any CPU
		{CC48DF13-5788-48E6-ACBE-857CE2283EA9}.Debug|Any CPU.Build.0 = Debug|Any CPU
		{CC48DF13-5788-48E6-ACBE-857CE2283EA9}.Release|Any CPU.ActiveCfg = Release|Any CPU
		{CC48DF13-5788-48E6-ACBE-857CE2283EA9}.Release|Any CPU.Build.0 = Release|Any CPU
		{5108A313-BEA9-4045-A408-3F3C107D797F}.Debug|Any CPU.ActiveCfg = Debug|Any CPU
		{5108A313-BEA9-4045-A408-3F3C107D797F}.Debug|Any CPU.Build.0 = Debug|Any CPU
		{5108A313-BEA9-4045-A408-3F3C107D797F}.Release|Any CPU.ActiveCfg = Release|Any CPU
		{5108A313-BEA9-4045-A408-3F3C107D797F}.Release|Any CPU.Build.0 = Release|Any CPU
	EndGlobalSection
	GlobalSection(SolutionProperties) = preSolution
		HideSolutionNode = FALSE
	EndGlobalSection
	GlobalSection(ExtensibilityGlobals) = postSolution
		SolutionGuid = {9251FF34-4A6F-4E4B-A0A7-BB759628A033}
	EndGlobalSection
EndGlobal
